
Microsoft Visual Studio Solution File, Format Version 12.00
# Visual Studio 15
VisualStudioVersion = 15.0.28307.329
MinimumVisualStudioVersion = 10.0.40219.1
Project("{FAE04EC0-301F-11D3-BF4B-00C04F79EFBC}") = "JSONserviceV2", "JSONserviceV2\JSONserviceV2.csproj", "{27EEC3DA-FD30-4C19-B3F5-5239AD29DE3D}"
EndProject
Global
	GlobalSection(SolutionConfigurationPlatforms) = preSolution
		Debug|Any CPU = Debug|Any CPU
		Release|Any CPU = Release|Any CPU
	EndGlobalSection
	GlobalSection(ProjectConfigurationPlatforms) = postSolution
		{27EEC3DA-FD30-4C19-B3F5-5239AD29DE3D}.Debug|Any CPU.ActiveCfg = Debug|Any CPU
		{27EEC3DA-FD30-4C19-B3F5-5239AD29DE3D}.Debug|Any CPU.Build.0 = Debug|Any CPU
		{27EEC3DA-FD30-4C19-B3F5-5239AD29DE3D}.Release|Any CPU.ActiveCfg = Release|Any CPU
		{27EEC3DA-FD30-4C19-B3F5-5239AD29DE3D}.Release|Any CPU.Build.0 = Release|Any CPU
	EndGlobalSection
	GlobalSection(SolutionProperties) = preSolution
		HideSolutionNode = FALSE
	EndGlobalSection
	GlobalSection(ExtensibilityGlobals) = postSolution
		SolutionGuid = {D39A63F3-849A-4BF9-9D67-1005312E8824}
	EndGlobalSection
EndGlobal
